
Microsoft Visual Studio Solution File, Format Version 12.00
# Visual Studio Version 17
VisualStudioVersion = 17.3.32929.385
MinimumVisualStudioVersion = 10.0.40219.1
Project("{FAE04EC0-301F-11D3-BF4B-00C04F79EFBC}") = "Class Kullanimi Gelecek Gunu Bul", "Class Kullanimi Gelecek Gunu Bul.csproj", "{BFC7A4D4-CBDD-4C3D-8F7D-A1A84C3D9027}"
EndProject
Global
	GlobalSection(SolutionConfigurationPlatforms) = preSolution
		Debug|Any CPU = Debug|Any CPU
		Release|Any CPU = Release|Any CPU
	EndGlobalSection
	GlobalSection(ProjectConfigurationPlatforms) = postSolution
		{BFC7A4D4-CBDD-4C3D-8F7D-A1A84C3D9027}.Debug|Any CPU.ActiveCfg = Debug|Any CPU
		{BFC7A4D4-CBDD-4C3D-8F7D-A1A84C3D9027}.Debug|Any CPU.Build.0 = Debug|Any CPU
		{BFC7A4D4-CBDD-4C3D-8F7D-A1A84C3D9027}.Release|Any CPU.ActiveCfg = Release|Any CPU
		{BFC7A4D4-CBDD-4C3D-8F7D-A1A84C3D9027}.Release|Any CPU.Build.0 = Release|Any CPU
	EndGlobalSection
	GlobalSection(SolutionProperties) = preSolution
		HideSolutionNode = FALSE
	EndGlobalSection
	GlobalSection(ExtensibilityGlobals) = postSolution
		SolutionGuid = {C849CF36-C71E-47F7-9F57-D340A2C4605E}
	EndGlobalSection
EndGlobal
